
Microsoft Visual Studio Solution File, Format Version 12.00
# Visual Studio Version 17
VisualStudioVersion = 17.2.32630.192
MinimumVisualStudioVersion = 10.0.40219.1
Project("{9A19103F-16F7-4668-BE54-9A1E7A4F7556}") = "TasksTracker.TasksManager.Backend.Api", "TasksTracker.TasksManager.Backend.Api\TasksTracker.TasksManager.Backend.Api.csproj", "{691D0B7F-297E-4EB3-86C5-6722BB56D86A}"
EndProject
Project("{9A19103F-16F7-4668-BE54-9A1E7A4F7556}") = "TasksTracker.WebPortal.Frontend.Ui", "TasksTracker.WebPortal.Frontend.Ui\TasksTracker.WebPortal.Frontend.Ui.csproj", "{4777E182-C3D9-479A-AD58-318E24166CA8}"
EndProject
Project("{FAE04EC0-301F-11D3-BF4B-00C04F79EFBC}") = "TasksTracker.Processor.Backend.Svc", "TasksTracker.Processor.Backend.Svc\TasksTracker.Processor.Backend.Svc.csproj", "{82531671-D01D-449B-B79F-E7215083AA2C}"
EndProject
Global
	GlobalSection(SolutionConfigurationPlatforms) = preSolution
		Debug|Any CPU = Debug|Any CPU
		Release|Any CPU = Release|Any CPU
	EndGlobalSection
	GlobalSection(ProjectConfigurationPlatforms) = postSolution
		{691D0B7F-297E-4EB3-86C5-6722BB56D86A}.Debug|Any CPU.ActiveCfg = Debug|Any CPU
		{691D0B7F-297E-4EB3-86C5-6722BB56D86A}.Debug|Any CPU.Build.0 = Debug|Any CPU
		{691D0B7F-297E-4EB3-86C5-6722BB56D86A}.Release|Any CPU.ActiveCfg = Release|Any CPU
		{691D0B7F-297E-4EB3-86C5-6722BB56D86A}.Release|Any CPU.Build.0 = Release|Any CPU
		{4777E182-C3D9-479A-AD58-318E24166CA8}.Debug|Any CPU.ActiveCfg = Debug|Any CPU
		{4777E182-C3D9-479A-AD58-318E24166CA8}.Debug|Any CPU.Build.0 = Debug|Any CPU
		{4777E182-C3D9-479A-AD58-318E24166CA8}.Release|Any CPU.ActiveCfg = Release|Any CPU
		{4777E182-C3D9-479A-AD58-318E24166CA8}.Release|Any CPU.Build.0 = Release|Any CPU
		{82531671-D01D-449B-B79F-E7215083AA2C}.Debug|Any CPU.ActiveCfg = Debug|Any CPU
		{82531671-D01D-449B-B79F-E7215083AA2C}.Debug|Any CPU.Build.0 = Debug|Any CPU
		{82531671-D01D-449B-B79F-E7215083AA2C}.Release|Any CPU.ActiveCfg = Release|Any CPU
		{82531671-D01D-449B-B79F-E7215083AA2C}.Release|Any CPU.Build.0 = Release|Any CPU
	EndGlobalSection
	GlobalSection(SolutionProperties) = preSolution
		HideSolutionNode = FALSE
	EndGlobalSection
	GlobalSection(ExtensibilityGlobals) = postSolution
		SolutionGuid = {39E41F7F-52BA-4D5B-A3E9-75C7C9E69EC7}
	EndGlobalSection
EndGlobal
